// !$*UTF8*$!
{
	archiveVersion = 1;
	classes = {
	};
	objectVersion = 48;
	objects = {

/* Begin PBXBuildFile section */
		58647FBD203F2D1A00C887AC /* ProfileVC.swift in Sources */ = {isa = PBXBuildFile; fileRef = 58647FBB203F2D1A00C887AC /* ProfileVC.swift */; };
		9A2E3AD7203CEAC800F3D40F /* LeaderboardCell.xib in Resources */ = {isa = PBXBuildFile; fileRef = 9A2E3AD6203CEAC800F3D40F /* LeaderboardCell.xib */; };
		9A2E3AD9203CEBE900F3D40F /* LeaderboardCollectionVC.swift in Sources */ = {isa = PBXBuildFile; fileRef = 9A2E3AD8203CEBE900F3D40F /* LeaderboardCollectionVC.swift */; };
		9AEC69FB203B893500987D0F /* DetailedTripCell.xib in Resources */ = {isa = PBXBuildFile; fileRef = 9AEC69FA203B893500987D0F /* DetailedTripCell.xib */; };
		9AEC69FD203B893E00987D0F /* LeaderboardCell.swift in Sources */ = {isa = PBXBuildFile; fileRef = 9AEC69FC203B893E00987D0F /* LeaderboardCell.swift */; };
		9AEC69FF203B894300987D0F /* DetailedTripCell.swift in Sources */ = {isa = PBXBuildFile; fileRef = 9AEC69FE203B894200987D0F /* DetailedTripCell.swift */; };
		9AEC6A01203B894E00987D0F /* DetailedTripStatsVC.swift in Sources */ = {isa = PBXBuildFile; fileRef = 9AEC6A00203B894E00987D0F /* DetailedTripStatsVC.swift */; };
		9AEC6A06203B94BF00987D0F /* StatsCell.swift in Sources */ = {isa = PBXBuildFile; fileRef = 9AEC6A04203B94BF00987D0F /* StatsCell.swift */; };
		9AEC6A07203B94BF00987D0F /* StatsCell.xib in Resources */ = {isa = PBXBuildFile; fileRef = 9AEC6A05203B94BF00987D0F /* StatsCell.xib */; };
		C32C6A88E77DDAD66DC7E858 /* Pods_Conifr.framework in Frameworks */ = {isa = PBXBuildFile; fileRef = ECF8923D0AC0A20D4B986E43 /* Pods_Conifr.framework */; };
		F4014B83202AD9AA00A85DF9 /* LegModel.swift in Sources */ = {isa = PBXBuildFile; fileRef = F4014B82202AD9AA00A85DF9 /* LegModel.swift */; };
		F4014B86202ADC7000A85DF9 /* TripModel.swift in Sources */ = {isa = PBXBuildFile; fileRef = F4014B85202ADC7000A85DF9 /* TripModel.swift */; };
		F4014B88202ADD3000A85DF9 /* UserModel.swift in Sources */ = {isa = PBXBuildFile; fileRef = F4014B87202ADD3000A85DF9 /* UserModel.swift */; };
		F4103519202E876000F23B21 /* Page1VC.swift in Sources */ = {isa = PBXBuildFile; fileRef = F4103518202E876000F23B21 /* Page1VC.swift */; };
		F41DC466202A166C00A0D842 /* TabBarController.swift in Sources */ = {isa = PBXBuildFile; fileRef = F41DC465202A166C00A0D842 /* TabBarController.swift */; };
		F41DC46A202A171900A0D842 /* MyTripsCollectionVC.swift in Sources */ = {isa = PBXBuildFile; fileRef = F41DC469202A171900A0D842 /* MyTripsCollectionVC.swift */; };
		F41DC46F202A182A00A0D842 /* MyStatsCollectionVC.swift in Sources */ = {isa = PBXBuildFile; fileRef = F41DC46E202A182A00A0D842 /* MyStatsCollectionVC.swift */; };
		F46161142031406100A1F8E6 /* LoginVC1.swift in Sources */ = {isa = PBXBuildFile; fileRef = F46161132031406100A1F8E6 /* LoginVC1.swift */; };
		F4616116203146EF00A1F8E6 /* SignUpVC.swift in Sources */ = {isa = PBXBuildFile; fileRef = F4616115203146EF00A1F8E6 /* SignUpVC.swift */; };
		F473B4BC202B9AD100A66FA7 /* Info.plist in Resources */ = {isa = PBXBuildFile; fileRef = F473B4BB202B9AD000A66FA7 /* Info.plist */; };
		F4883F98202A1B9100C15034 /* Main.storyboard in Resources */ = {isa = PBXBuildFile; fileRef = F4883F96202A1B9000C15034 /* Main.storyboard */; };
		F4883F9A202A1C4700C15034 /* Splash.storyboard in Resources */ = {isa = PBXBuildFile; fileRef = F4883F99202A1C4700C15034 /* Splash.storyboard */; };
		F4883F9C202A1CAD00C15034 /* TestingActivityVC.swift in Sources */ = {isa = PBXBuildFile; fileRef = F4883F9B202A1CAD00C15034 /* TestingActivityVC.swift */; };
		F4AD566C202A0C8200C6D321 /* GoogleService-Info.plist in Resources */ = {isa = PBXBuildFile; fileRef = F4AD566B202A0C8200C6D321 /* GoogleService-Info.plist */; };
		F4B5F848202A0B6D008B7C72 /* AppDelegate.swift in Sources */ = {isa = PBXBuildFile; fileRef = F4B5F847202A0B6D008B7C72 /* AppDelegate.swift */; };
		F4B5F850202A0B6D008B7C72 /* Conifr.xcdatamodeld in Sources */ = {isa = PBXBuildFile; fileRef = F4B5F84E202A0B6D008B7C72 /* Conifr.xcdatamodeld */; };
		F4B5F852202A0B6D008B7C72 /* Assets.xcassets in Resources */ = {isa = PBXBuildFile; fileRef = F4B5F851202A0B6D008B7C72 /* Assets.xcassets */; };
		F4C507C5202A799D00758504 /* vienna-graz-by-car.gpx in Resources */ = {isa = PBXBuildFile; fileRef = F4C507C4202A799D00758504 /* vienna-graz-by-car.gpx */; };
		F4C507C7202A804600758504 /* vienna-ring-bikeride.gpx in Resources */ = {isa = PBXBuildFile; fileRef = F4C507C6202A804600758504 /* vienna-ring-bikeride.gpx */; };
		F4C507CC202A8E0B00758504 /* TripsCell.xib in Resources */ = {isa = PBXBuildFile; fileRef = F4C507CA202A8E0A00758504 /* TripsCell.xib */; };
		F4C507CD202A8E0B00758504 /* TripsCell.swift in Sources */ = {isa = PBXBuildFile; fileRef = F4C507CB202A8E0A00758504 /* TripsCell.swift */; };
/* End PBXBuildFile section */

/* Begin PBXFileReference section */
		58647FBB203F2D1A00C887AC /* ProfileVC.swift */ = {isa = PBXFileReference; lastKnownFileType = sourcecode.swift; path = ProfileVC.swift; sourceTree = "<group>"; };
		9A2E3AD6203CEAC800F3D40F /* LeaderboardCell.xib */ = {isa = PBXFileReference; fileEncoding = 4; lastKnownFileType = file.xib; path = LeaderboardCell.xib; sourceTree = "<group>"; };
		9A2E3AD8203CEBE900F3D40F /* LeaderboardCollectionVC.swift */ = {isa = PBXFileReference; fileEncoding = 4; lastKnownFileType = sourcecode.swift; path = LeaderboardCollectionVC.swift; sourceTree = "<group>"; };
		9AEC69FA203B893500987D0F /* DetailedTripCell.xib */ = {isa = PBXFileReference; fileEncoding = 4; lastKnownFileType = file.xib; path = DetailedTripCell.xib; sourceTree = "<group>"; };
		9AEC69FC203B893E00987D0F /* LeaderboardCell.swift */ = {isa = PBXFileReference; fileEncoding = 4; lastKnownFileType = sourcecode.swift; path = LeaderboardCell.swift; sourceTree = "<group>"; };
		9AEC69FE203B894200987D0F /* DetailedTripCell.swift */ = {isa = PBXFileReference; fileEncoding = 4; lastKnownFileType = sourcecode.swift; path = DetailedTripCell.swift; sourceTree = "<group>"; };
		9AEC6A00203B894E00987D0F /* DetailedTripStatsVC.swift */ = {isa = PBXFileReference; fileEncoding = 4; lastKnownFileType = sourcecode.swift; path = DetailedTripStatsVC.swift; sourceTree = "<group>"; };
		9AEC6A04203B94BF00987D0F /* StatsCell.swift */ = {isa = PBXFileReference; lastKnownFileType = sourcecode.swift; path = StatsCell.swift; sourceTree = "<group>"; };
		9AEC6A05203B94BF00987D0F /* StatsCell.xib */ = {isa = PBXFileReference; lastKnownFileType = file.xib; path = StatsCell.xib; sourceTree = "<group>"; };
		C18298D9DF027F1235BBA55C /* Pods-Conifr.release.xcconfig */ = {isa = PBXFileReference; includeInIndex = 1; lastKnownFileType = text.xcconfig; name = "Pods-Conifr.release.xcconfig"; path = "Pods/Target Support Files/Pods-Conifr/Pods-Conifr.release.xcconfig"; sourceTree = "<group>"; };
		D8B4F7739FB840E743BB9E15 /* Pods-Conifr.debug.xcconfig */ = {isa = PBXFileReference; includeInIndex = 1; lastKnownFileType = text.xcconfig; name = "Pods-Conifr.debug.xcconfig"; path = "Pods/Target Support Files/Pods-Conifr/Pods-Conifr.debug.xcconfig"; sourceTree = "<group>"; };
		ECF8923D0AC0A20D4B986E43 /* Pods_Conifr.framework */ = {isa = PBXFileReference; explicitFileType = wrapper.framework; includeInIndex = 0; path = Pods_Conifr.framework; sourceTree = BUILT_PRODUCTS_DIR; };
		F4014B82202AD9AA00A85DF9 /* LegModel.swift */ = {isa = PBXFileReference; fileEncoding = 4; lastKnownFileType = sourcecode.swift; path = LegModel.swift; sourceTree = "<group>"; };
		F4014B85202ADC7000A85DF9 /* TripModel.swift */ = {isa = PBXFileReference; lastKnownFileType = sourcecode.swift; path = TripModel.swift; sourceTree = "<group>"; };
		F4014B87202ADD3000A85DF9 /* UserModel.swift */ = {isa = PBXFileReference; lastKnownFileType = sourcecode.swift; path = UserModel.swift; sourceTree = "<group>"; };
		F4103518202E876000F23B21 /* Page1VC.swift */ = {isa = PBXFileReference; lastKnownFileType = sourcecode.swift; name = Page1VC.swift; path = "View Controllers/Page1VC.swift"; sourceTree = SOURCE_ROOT; };
		F41DC465202A166C00A0D842 /* TabBarController.swift */ = {isa = PBXFileReference; lastKnownFileType = sourcecode.swift; path = TabBarController.swift; sourceTree = "<group>"; };
		F41DC469202A171900A0D842 /* MyTripsCollectionVC.swift */ = {isa = PBXFileReference; lastKnownFileType = sourcecode.swift; path = MyTripsCollectionVC.swift; sourceTree = "<group>"; };
		F41DC46E202A182A00A0D842 /* MyStatsCollectionVC.swift */ = {isa = PBXFileReference; lastKnownFileType = sourcecode.swift; name = MyStatsCollectionVC.swift; path = "View Controllers/MyStatsCollectionVC.swift"; sourceTree = SOURCE_ROOT; };
		F46161132031406100A1F8E6 /* LoginVC1.swift */ = {isa = PBXFileReference; lastKnownFileType = sourcecode.swift; name = LoginVC1.swift; path = "View Controllers/LoginVC1.swift"; sourceTree = SOURCE_ROOT; };
		F4616115203146EF00A1F8E6 /* SignUpVC.swift */ = {isa = PBXFileReference; lastKnownFileType = sourcecode.swift; name = SignUpVC.swift; path = "View Controllers/SignUpVC.swift"; sourceTree = SOURCE_ROOT; };
		F473B4BB202B9AD000A66FA7 /* Info.plist */ = {isa = PBXFileReference; fileEncoding = 4; lastKnownFileType = text.plist.xml; path = Info.plist; sourceTree = "<group>"; };
		F4883F97202A1B9000C15034 /* Base */ = {isa = PBXFileReference; lastKnownFileType = file.storyboard; name = Base; path = Conifr/Base.lproj/Main.storyboard; sourceTree = "<group>"; };
		F4883F99202A1C4700C15034 /* Splash.storyboard */ = {isa = PBXFileReference; lastKnownFileType = file.storyboard; path = Splash.storyboard; sourceTree = "<group>"; };
		F4883F9B202A1CAD00C15034 /* TestingActivityVC.swift */ = {isa = PBXFileReference; lastKnownFileType = sourcecode.swift; name = TestingActivityVC.swift; path = "View Controllers/TestingActivityVC.swift"; sourceTree = SOURCE_ROOT; };
		F4AD566B202A0C8200C6D321 /* GoogleService-Info.plist */ = {isa = PBXFileReference; fileEncoding = 4; lastKnownFileType = text.plist.xml; path = "GoogleService-Info.plist"; sourceTree = "<group>"; };
		F4B5F844202A0B6D008B7C72 /* Conifr.app */ = {isa = PBXFileReference; explicitFileType = wrapper.application; includeInIndex = 0; path = Conifr.app; sourceTree = BUILT_PRODUCTS_DIR; };
		F4B5F847202A0B6D008B7C72 /* AppDelegate.swift */ = {isa = PBXFileReference; lastKnownFileType = sourcecode.swift; path = AppDelegate.swift; sourceTree = "<group>"; };
		F4B5F84F202A0B6D008B7C72 /* Conifr.xcdatamodel */ = {isa = PBXFileReference; lastKnownFileType = wrapper.xcdatamodel; path = Conifr.xcdatamodel; sourceTree = "<group>"; };
		F4B5F851202A0B6D008B7C72 /* Assets.xcassets */ = {isa = PBXFileReference; lastKnownFileType = folder.assetcatalog; path = Assets.xcassets; sourceTree = "<group>"; };
		F4C507C4202A799D00758504 /* vienna-graz-by-car.gpx */ = {isa = PBXFileReference; fileEncoding = 4; lastKnownFileType = text; path = "vienna-graz-by-car.gpx"; sourceTree = "<group>"; };
		F4C507C6202A804600758504 /* vienna-ring-bikeride.gpx */ = {isa = PBXFileReference; fileEncoding = 4; lastKnownFileType = text; path = "vienna-ring-bikeride.gpx"; sourceTree = "<group>"; };
		F4C507CA202A8E0A00758504 /* TripsCell.xib */ = {isa = PBXFileReference; fileEncoding = 4; lastKnownFileType = file.xib; path = TripsCell.xib; sourceTree = "<group>"; };
		F4C507CB202A8E0A00758504 /* TripsCell.swift */ = {isa = PBXFileReference; fileEncoding = 4; lastKnownFileType = sourcecode.swift; path = TripsCell.swift; sourceTree = "<group>"; };
/* End PBXFileReference section */

/* Begin PBXFrameworksBuildPhase section */
		F4B5F841202A0B6D008B7C72 /* Frameworks */ = {
			isa = PBXFrameworksBuildPhase;
			buildActionMask = 2147483647;
			files = (
				C32C6A88E77DDAD66DC7E858 /* Pods_Conifr.framework in Frameworks */,
			);
			runOnlyForDeploymentPostprocessing = 0;
		};
/* End PBXFrameworksBuildPhase section */

/* Begin PBXGroup section */
		792D3217D2CF23E25EE8C96D /* Pods */ = {
			isa = PBXGroup;
			children = (
				D8B4F7739FB840E743BB9E15 /* Pods-Conifr.debug.xcconfig */,
				C18298D9DF027F1235BBA55C /* Pods-Conifr.release.xcconfig */,
			);
			name = Pods;
			sourceTree = "<group>";
		};
		E6B72DC5F144FA286EB6D1BD /* Frameworks */ = {
			isa = PBXGroup;
			children = (
				ECF8923D0AC0A20D4B986E43 /* Pods_Conifr.framework */,
			);
			name = Frameworks;
			sourceTree = "<group>";
		};
		F4014B84202ADC5700A85DF9 /* Model */ = {
			isa = PBXGroup;
			children = (
				F4014B82202AD9AA00A85DF9 /* LegModel.swift */,
				F4014B85202ADC7000A85DF9 /* TripModel.swift */,
				F4014B87202ADD3000A85DF9 /* UserModel.swift */,
			);
			path = Model;
			sourceTree = "<group>";
		};
		F41DC46B202A173800A0D842 /* View Controllers */ = {
			isa = PBXGroup;
			children = (
				F4616115203146EF00A1F8E6 /* SignUpVC.swift */,
				F46161132031406100A1F8E6 /* LoginVC1.swift */,
				F4103518202E876000F23B21 /* Page1VC.swift */,
				F4883F9B202A1CAD00C15034 /* TestingActivityVC.swift */,
				F41DC469202A171900A0D842 /* MyTripsCollectionVC.swift */,
				F41DC46E202A182A00A0D842 /* MyStatsCollectionVC.swift */,
				9A2E3AD8203CEBE900F3D40F /* LeaderboardCollectionVC.swift */,
				9AEC6A00203B894E00987D0F /* DetailedTripStatsVC.swift */,
				58647FBB203F2D1A00C887AC /* ProfileVC.swift */,
			);
			path = "View Controllers";
			sourceTree = "<group>";
		};
		F41DC46C202A17BD00A0D842 /* Storyboards */ = {
			isa = PBXGroup;
			children = (
				F4883F99202A1C4700C15034 /* Splash.storyboard */,
				F4883F96202A1B9000C15034 /* Main.storyboard */,
			);
			path = Storyboards;
			sourceTree = "<group>";
		};
		F41DC46D202A17E100A0D842 /* Plist */ = {
			isa = PBXGroup;
			children = (
				F473B4BB202B9AD000A66FA7 /* Info.plist */,
				F4AD566B202A0C8200C6D321 /* GoogleService-Info.plist */,
			);
			path = Plist;
			sourceTree = "<group>";
		};
		F4B5F83B202A0B6D008B7C72 = {
			isa = PBXGroup;
			children = (
				F4B5F847202A0B6D008B7C72 /* AppDelegate.swift */,
				F41DC465202A166C00A0D842 /* TabBarController.swift */,
				F4014B84202ADC5700A85DF9 /* Model */,
				F4C507CE202A8E1C00758504 /* XIB */,
				F4C507CF202A8E2C00758504 /* Cells */,
				F4C507C9202A807A00758504 /* GPX */,
				F41DC46C202A17BD00A0D842 /* Storyboards */,
				F41DC46B202A173800A0D842 /* View Controllers */,
				F4B5F846202A0B6D008B7C72 /* Conifr */,
				F4B5F845202A0B6D008B7C72 /* Products */,
				792D3217D2CF23E25EE8C96D /* Pods */,
				E6B72DC5F144FA286EB6D1BD /* Frameworks */,
			);
			sourceTree = "<group>";
		};
		F4B5F845202A0B6D008B7C72 /* Products */ = {
			isa = PBXGroup;
			children = (
				F4B5F844202A0B6D008B7C72 /* Conifr.app */,
			);
			name = Products;
			sourceTree = "<group>";
		};
		F4B5F846202A0B6D008B7C72 /* Conifr */ = {
			isa = PBXGroup;
			children = (
				F41DC46D202A17E100A0D842 /* Plist */,
				F4B5F851202A0B6D008B7C72 /* Assets.xcassets */,
				F4B5F84E202A0B6D008B7C72 /* Conifr.xcdatamodeld */,
			);
			path = Conifr;
			sourceTree = "<group>";
		};
		F4C507C9202A807A00758504 /* GPX */ = {
			isa = PBXGroup;
			children = (
				F4C507C6202A804600758504 /* vienna-ring-bikeride.gpx */,
				F4C507C4202A799D00758504 /* vienna-graz-by-car.gpx */,
			);
			path = GPX;
			sourceTree = "<group>";
		};
		F4C507CE202A8E1C00758504 /* XIB */ = {
			isa = PBXGroup;
			children = (
				F4C507CA202A8E0A00758504 /* TripsCell.xib */,
				9A2E3AD6203CEAC800F3D40F /* LeaderboardCell.xib */,
				9AEC69FA203B893500987D0F /* DetailedTripCell.xib */,
				9AEC6A05203B94BF00987D0F /* StatsCell.xib */,
			);
			path = XIB;
			sourceTree = "<group>";
		};
		F4C507CF202A8E2C00758504 /* Cells */ = {
			isa = PBXGroup;
			children = (
				F4C507CB202A8E0A00758504 /* TripsCell.swift */,
				9AEC69FC203B893E00987D0F /* LeaderboardCell.swift */,
				9AEC69FE203B894200987D0F /* DetailedTripCell.swift */,
				9AEC6A04203B94BF00987D0F /* StatsCell.swift */,
			);
			path = Cells;
			sourceTree = "<group>";
		};
/* End PBXGroup section */

/* Begin PBXNativeTarget section */
		F4B5F843202A0B6D008B7C72 /* Conifr */ = {
			isa = PBXNativeTarget;
			buildConfigurationList = F4B5F859202A0B6D008B7C72 /* Build configuration list for PBXNativeTarget "Conifr" */;
			buildPhases = (
				BE07467B33F5E8D1CF9C0B4F /* [CP] Check Pods Manifest.lock */,
				F4B5F840202A0B6D008B7C72 /* Sources */,
				F4B5F841202A0B6D008B7C72 /* Frameworks */,
				F4B5F842202A0B6D008B7C72 /* Resources */,
				4BEE845D381F1533DEEB8DF1 /* [CP] Embed Pods Frameworks */,
				1EC1C0EB650CC47583A73CB1 /* [CP] Copy Pods Resources */,
			);
			buildRules = (
			);
			dependencies = (
			);
			name = Conifr;
			productName = Conifr;
			productReference = F4B5F844202A0B6D008B7C72 /* Conifr.app */;
			productType = "com.apple.product-type.application";
		};
/* End PBXNativeTarget section */

/* Begin PBXProject section */
		F4B5F83C202A0B6D008B7C72 /* Project object */ = {
			isa = PBXProject;
			attributes = {
				LastSwiftUpdateCheck = 0920;
				LastUpgradeCheck = 0920;
				ORGANIZATIONNAME = "Sid Verma";
				TargetAttributes = {
					F4B5F843202A0B6D008B7C72 = {
						CreatedOnToolsVersion = 9.2;
						ProvisioningStyle = Automatic;
						SystemCapabilities = {
							com.apple.HealthKit = {
								enabled = 0;
							};
						};
					};
				};
			};
			buildConfigurationList = F4B5F83F202A0B6D008B7C72 /* Build configuration list for PBXProject "Conifr" */;
			compatibilityVersion = "Xcode 8.0";
			developmentRegion = en;
			hasScannedForEncodings = 0;
			knownRegions = (
				en,
				Base,
			);
			mainGroup = F4B5F83B202A0B6D008B7C72;
			productRefGroup = F4B5F845202A0B6D008B7C72 /* Products */;
			projectDirPath = "";
			projectRoot = "";
			targets = (
				F4B5F843202A0B6D008B7C72 /* Conifr */,
			);
		};
/* End PBXProject section */

/* Begin PBXResourcesBuildPhase section */
		F4B5F842202A0B6D008B7C72 /* Resources */ = {
			isa = PBXResourcesBuildPhase;
			buildActionMask = 2147483647;
			files = (
				F473B4BC202B9AD100A66FA7 /* Info.plist in Resources */,
				F4883F98202A1B9100C15034 /* Main.storyboard in Resources */,
				F4C507CC202A8E0B00758504 /* TripsCell.xib in Resources */,
				9AEC6A07203B94BF00987D0F /* StatsCell.xib in Resources */,
				F4C507C7202A804600758504 /* vienna-ring-bikeride.gpx in Resources */,
				F4AD566C202A0C8200C6D321 /* GoogleService-Info.plist in Resources */,
				9A2E3AD7203CEAC800F3D40F /* LeaderboardCell.xib in Resources */,
				9AEC69FB203B893500987D0F /* DetailedTripCell.xib in Resources */,
				F4C507C5202A799D00758504 /* vienna-graz-by-car.gpx in Resources */,
				F4B5F852202A0B6D008B7C72 /* Assets.xcassets in Resources */,
				F4883F9A202A1C4700C15034 /* Splash.storyboard in Resources */,
			);
			runOnlyForDeploymentPostprocessing = 0;
		};
/* End PBXResourcesBuildPhase section */

/* Begin PBXShellScriptBuildPhase section */
		1EC1C0EB650CC47583A73CB1 /* [CP] Copy Pods Resources */ = {
			isa = PBXShellScriptBuildPhase;
			buildActionMask = 2147483647;
			files = (
			);
			inputPaths = (
			);
			name = "[CP] Copy Pods Resources";
			outputPaths = (
			);
			runOnlyForDeploymentPostprocessing = 0;
			shellPath = /bin/sh;
			shellScript = "\"${SRCROOT}/Pods/Target Support Files/Pods-Conifr/Pods-Conifr-resources.sh\"\n";
			showEnvVarsInLog = 0;
		};
		4BEE845D381F1533DEEB8DF1 /* [CP] Embed Pods Frameworks */ = {
			isa = PBXShellScriptBuildPhase;
			buildActionMask = 2147483647;
			files = (
			);
			inputPaths = (
				"${SRCROOT}/Pods/Target Support Files/Pods-Conifr/Pods-Conifr-frameworks.sh",
				"${BUILT_PRODUCTS_DIR}/ArcKit/ArcKit.framework",
				"${PODS_ROOT}/ArcKitCore/ArcKitCore.framework",
				"${BUILT_PRODUCTS_DIR}/Floaty/Floaty.framework",
				"${BUILT_PRODUCTS_DIR}/GRDB.swift/GRDB.framework",
				"${BUILT_PRODUCTS_DIR}/GTMSessionFetcher/GTMSessionFetcher.framework",
				"${BUILT_PRODUCTS_DIR}/GoogleToolboxForMac/GoogleToolboxForMac.framework",
				"${BUILT_PRODUCTS_DIR}/Material/Material.framework",
				"${BUILT_PRODUCTS_DIR}/Motion/Motion.framework",
				"${BUILT_PRODUCTS_DIR}/PaginatedScrollView/PaginatedScrollView.framework",
				"${BUILT_PRODUCTS_DIR}/ReachabilitySwift/Reachability.framework",
				"${BUILT_PRODUCTS_DIR}/SwiftLocation/SwiftLocation.framework",
				"${BUILT_PRODUCTS_DIR}/SwiftNotes/SwiftNotes.framework",
				"${BUILT_PRODUCTS_DIR}/SwiftyJSON/SwiftyJSON.framework",
				"${BUILT_PRODUCTS_DIR}/Upsurge/Upsurge.framework",
				"${BUILT_PRODUCTS_DIR}/leveldb-library/leveldb.framework",
				"${BUILT_PRODUCTS_DIR}/nanopb/nanopb.framework",
			);
			name = "[CP] Embed Pods Frameworks";
			outputPaths = (
				"${TARGET_BUILD_DIR}/${FRAMEWORKS_FOLDER_PATH}/ArcKit.framework",
				"${TARGET_BUILD_DIR}/${FRAMEWORKS_FOLDER_PATH}/ArcKitCore.framework",
				"${TARGET_BUILD_DIR}/${FRAMEWORKS_FOLDER_PATH}/Floaty.framework",
				"${TARGET_BUILD_DIR}/${FRAMEWORKS_FOLDER_PATH}/GRDB.framework",
				"${TARGET_BUILD_DIR}/${FRAMEWORKS_FOLDER_PATH}/GTMSessionFetcher.framework",
				"${TARGET_BUILD_DIR}/${FRAMEWORKS_FOLDER_PATH}/GoogleToolboxForMac.framework",
				"${TARGET_BUILD_DIR}/${FRAMEWORKS_FOLDER_PATH}/Material.framework",
				"${TARGET_BUILD_DIR}/${FRAMEWORKS_FOLDER_PATH}/Motion.framework",
				"${TARGET_BUILD_DIR}/${FRAMEWORKS_FOLDER_PATH}/PaginatedScrollView.framework",
				"${TARGET_BUILD_DIR}/${FRAMEWORKS_FOLDER_PATH}/Reachability.framework",
				"${TARGET_BUILD_DIR}/${FRAMEWORKS_FOLDER_PATH}/SwiftLocation.framework",
				"${TARGET_BUILD_DIR}/${FRAMEWORKS_FOLDER_PATH}/SwiftNotes.framework",
				"${TARGET_BUILD_DIR}/${FRAMEWORKS_FOLDER_PATH}/SwiftyJSON.framework",
				"${TARGET_BUILD_DIR}/${FRAMEWORKS_FOLDER_PATH}/Upsurge.framework",
				"${TARGET_BUILD_DIR}/${FRAMEWORKS_FOLDER_PATH}/leveldb.framework",
				"${TARGET_BUILD_DIR}/${FRAMEWORKS_FOLDER_PATH}/nanopb.framework",
			);
			runOnlyForDeploymentPostprocessing = 0;
			shellPath = /bin/sh;
			shellScript = "\"${SRCROOT}/Pods/Target Support Files/Pods-Conifr/Pods-Conifr-frameworks.sh\"\n";
			showEnvVarsInLog = 0;
		};
		BE07467B33F5E8D1CF9C0B4F /* [CP] Check Pods Manifest.lock */ = {
			isa = PBXShellScriptBuildPhase;
			buildActionMask = 2147483647;
			files = (
			);
			inputPaths = (
				"${PODS_PODFILE_DIR_PATH}/Podfile.lock",
				"${PODS_ROOT}/Manifest.lock",
			);
			name = "[CP] Check Pods Manifest.lock";
			outputPaths = (
				"$(DERIVED_FILE_DIR)/Pods-Conifr-checkManifestLockResult.txt",
			);
			runOnlyForDeploymentPostprocessing = 0;
			shellPath = /bin/sh;
			shellScript = "diff \"${PODS_PODFILE_DIR_PATH}/Podfile.lock\" \"${PODS_ROOT}/Manifest.lock\" > /dev/null\nif [ $? != 0 ] ; then\n    # print error to STDERR\n    echo \"error: The sandbox is not in sync with the Podfile.lock. Run 'pod install' or update your CocoaPods installation.\" >&2\n    exit 1\nfi\n# This output is used by Xcode 'outputs' to avoid re-running this script phase.\necho \"SUCCESS\" > \"${SCRIPT_OUTPUT_FILE_0}\"\n";
			showEnvVarsInLog = 0;
		};
/* End PBXShellScriptBuildPhase section */

/* Begin PBXSourcesBuildPhase section */
		F4B5F840202A0B6D008B7C72 /* Sources */ = {
			isa = PBXSourcesBuildPhase;
			buildActionMask = 2147483647;
			files = (
				9A2E3AD9203CEBE900F3D40F /* LeaderboardCollectionVC.swift in Sources */,
				9AEC69FD203B893E00987D0F /* LeaderboardCell.swift in Sources */,
				F41DC46F202A182A00A0D842 /* MyStatsCollectionVC.swift in Sources */,
				58647FBD203F2D1A00C887AC /* ProfileVC.swift in Sources */,
				F41DC466202A166C00A0D842 /* TabBarController.swift in Sources */,
				F4883F9C202A1CAD00C15034 /* TestingActivityVC.swift in Sources */,
				F4C507CD202A8E0B00758504 /* TripsCell.swift in Sources */,
				F41DC46A202A171900A0D842 /* MyTripsCollectionVC.swift in Sources */,
				F4B5F850202A0B6D008B7C72 /* Conifr.xcdatamodeld in Sources */,
				F4014B83202AD9AA00A85DF9 /* LegModel.swift in Sources */,
				F4014B86202ADC7000A85DF9 /* TripModel.swift in Sources */,
				F46161142031406100A1F8E6 /* LoginVC1.swift in Sources */,
				F4B5F848202A0B6D008B7C72 /* AppDelegate.swift in Sources */,
				9AEC69FF203B894300987D0F /* DetailedTripCell.swift in Sources */,
				F4014B88202ADD3000A85DF9 /* UserModel.swift in Sources */,
				F4616116203146EF00A1F8E6 /* SignUpVC.swift in Sources */,
				9AEC6A06203B94BF00987D0F /* StatsCell.swift in Sources */,
				F4103519202E876000F23B21 /* Page1VC.swift in Sources */,
				9AEC6A01203B894E00987D0F /* DetailedTripStatsVC.swift in Sources */,
			);
			runOnlyForDeploymentPostprocessing = 0;
		};
/* End PBXSourcesBuildPhase section */

/* Begin PBXVariantGroup section */
		F4883F96202A1B9000C15034 /* Main.storyboard */ = {
			isa = PBXVariantGroup;
			children = (
				F4883F97202A1B9000C15034 /* Base */,
			);
			name = Main.storyboard;
			sourceTree = "<group>";
		};
/* End PBXVariantGroup section */

/* Begin XCBuildConfiguration section */
		F4B5F857202A0B6D008B7C72 /* Debug */ = {
			isa = XCBuildConfiguration;
			buildSettings = {
				ALWAYS_SEARCH_USER_PATHS = NO;
				CLANG_ANALYZER_NONNULL = YES;
				CLANG_ANALYZER_NUMBER_OBJECT_CONVERSION = YES_AGGRESSIVE;
				CLANG_CXX_LANGUAGE_STANDARD = "gnu++14";
				CLANG_CXX_LIBRARY = "libc++";
				CLANG_ENABLE_MODULES = YES;
				CLANG_ENABLE_OBJC_ARC = YES;
				CLANG_WARN_BLOCK_CAPTURE_AUTORELEASING = YES;
				CLANG_WARN_BOOL_CONVERSION = YES;
				CLANG_WARN_COMMA = YES;
				CLANG_WARN_CONSTANT_CONVERSION = YES;
				CLANG_WARN_DIRECT_OBJC_ISA_USAGE = YES_ERROR;
				CLANG_WARN_DOCUMENTATION_COMMENTS = YES;
				CLANG_WARN_EMPTY_BODY = YES;
				CLANG_WARN_ENUM_CONVERSION = YES;
				CLANG_WARN_INFINITE_RECURSION = YES;
				CLANG_WARN_INT_CONVERSION = YES;
				CLANG_WARN_NON_LITERAL_NULL_CONVERSION = YES;
				CLANG_WARN_OBJC_LITERAL_CONVERSION = YES;
				CLANG_WARN_OBJC_ROOT_CLASS = YES_ERROR;
				CLANG_WARN_RANGE_LOOP_ANALYSIS = YES;
				CLANG_WARN_STRICT_PROTOTYPES = YES;
				CLANG_WARN_SUSPICIOUS_MOVE = YES;
				CLANG_WARN_UNGUARDED_AVAILABILITY = YES_AGGRESSIVE;
				CLANG_WARN_UNREACHABLE_CODE = YES;
				CLANG_WARN__DUPLICATE_METHOD_MATCH = YES;
				CODE_SIGN_IDENTITY = "iPhone Developer";
				COPY_PHASE_STRIP = NO;
				DEBUG_INFORMATION_FORMAT = dwarf;
				ENABLE_STRICT_OBJC_MSGSEND = YES;
				ENABLE_TESTABILITY = YES;
				GCC_C_LANGUAGE_STANDARD = gnu11;
				GCC_DYNAMIC_NO_PIC = NO;
				GCC_NO_COMMON_BLOCKS = YES;
				GCC_OPTIMIZATION_LEVEL = 0;
				GCC_PREPROCESSOR_DEFINITIONS = (
					"DEBUG=1",
					"$(inherited)",
				);
				GCC_WARN_64_TO_32_BIT_CONVERSION = YES;
				GCC_WARN_ABOUT_RETURN_TYPE = YES_ERROR;
				GCC_WARN_UNDECLARED_SELECTOR = YES;
				GCC_WARN_UNINITIALIZED_AUTOS = YES_AGGRESSIVE;
				GCC_WARN_UNUSED_FUNCTION = YES;
				GCC_WARN_UNUSED_VARIABLE = YES;
				IPHONEOS_DEPLOYMENT_TARGET = 11.2;
				MTL_ENABLE_DEBUG_INFO = YES;
				ONLY_ACTIVE_ARCH = YES;
				SDKROOT = iphoneos;
				SWIFT_ACTIVE_COMPILATION_CONDITIONS = DEBUG;
				SWIFT_OPTIMIZATION_LEVEL = "-Onone";
			};
			name = Debug;
		};
		F4B5F858202A0B6D008B7C72 /* Release */ = {
			isa = XCBuildConfiguration;
			buildSettings = {
				ALWAYS_SEARCH_USER_PATHS = NO;
				CLANG_ANALYZER_NONNULL = YES;
				CLANG_ANALYZER_NUMBER_OBJECT_CONVERSION = YES_AGGRESSIVE;
				CLANG_CXX_LANGUAGE_STANDARD = "gnu++14";
				CLANG_CXX_LIBRARY = "libc++";
				CLANG_ENABLE_MODULES = YES;
				CLANG_ENABLE_OBJC_ARC = YES;
				CLANG_WARN_BLOCK_CAPTURE_AUTORELEASING = YES;
				CLANG_WARN_BOOL_CONVERSION = YES;
				CLANG_WARN_COMMA = YES;
				CLANG_WARN_CONSTANT_CONVERSION = YES;
				CLANG_WARN_DIRECT_OBJC_ISA_USAGE = YES_ERROR;
				CLANG_WARN_DOCUMENTATION_COMMENTS = YES;
				CLANG_WARN_EMPTY_BODY = YES;
				CLANG_WARN_ENUM_CONVERSION = YES;
				CLANG_WARN_INFINITE_RECURSION = YES;
				CLANG_WARN_INT_CONVERSION = YES;
				CLANG_WARN_NON_LITERAL_NULL_CONVERSION = YES;
				CLANG_WARN_OBJC_LITERAL_CONVERSION = YES;
				CLANG_WARN_OBJC_ROOT_CLASS = YES_ERROR;
				CLANG_WARN_RANGE_LOOP_ANALYSIS = YES;
				CLANG_WARN_STRICT_PROTOTYPES = YES;
				CLANG_WARN_SUSPICIOUS_MOVE = YES;
				CLANG_WARN_UNGUARDED_AVAILABILITY = YES_AGGRESSIVE;
				CLANG_WARN_UNREACHABLE_CODE = YES;
				CLANG_WARN__DUPLICATE_METHOD_MATCH = YES;
				CODE_SIGN_IDENTITY = "iPhone Developer";
				COPY_PHASE_STRIP = NO;
				DEBUG_INFORMATION_FORMAT = "dwarf-with-dsym";
				ENABLE_NS_ASSERTIONS = NO;
				ENABLE_STRICT_OBJC_MSGSEND = YES;
				GCC_C_LANGUAGE_STANDARD = gnu11;
				GCC_NO_COMMON_BLOCKS = YES;
				GCC_WARN_64_TO_32_BIT_CONVERSION = YES;
				GCC_WARN_ABOUT_RETURN_TYPE = YES_ERROR;
				GCC_WARN_UNDECLARED_SELECTOR = YES;
				GCC_WARN_UNINITIALIZED_AUTOS = YES_AGGRESSIVE;
				GCC_WARN_UNUSED_FUNCTION = YES;
				GCC_WARN_UNUSED_VARIABLE = YES;
				IPHONEOS_DEPLOYMENT_TARGET = 11.2;
				MTL_ENABLE_DEBUG_INFO = NO;
				SDKROOT = iphoneos;
				SWIFT_OPTIMIZATION_LEVEL = "-Owholemodule";
				VALIDATE_PRODUCT = YES;
			};
			name = Release;
		};
		F4B5F85A202A0B6D008B7C72 /* Debug */ = {
			isa = XCBuildConfiguration;
			baseConfigurationReference = D8B4F7739FB840E743BB9E15 /* Pods-Conifr.debug.xcconfig */;
			buildSettings = {
				ASSETCATALOG_COMPILER_APPICON_NAME = AppIcon;
				"CODE_SIGN_IDENTITY[sdk=iphoneos*]" = "iPhone Developer";
				CODE_SIGN_STYLE = Automatic;
				DEVELOPMENT_TEAM = JXN9JNTRNB;
				INFOPLIST_FILE = "$(SRCROOT)/Conifr/Plist/Info.plist";
				IPHONEOS_DEPLOYMENT_TARGET = 11.2;
				LD_RUNPATH_SEARCH_PATHS = "$(inherited) @executable_path/Frameworks";
				PRODUCT_BUNDLE_IDENTIFIER = ucsc.conifr;
				PRODUCT_NAME = "$(TARGET_NAME)";
				PROVISIONING_PROFILE_SPECIFIER = "";
				SWIFT_VERSION = 4.0;
				TARGETED_DEVICE_FAMILY = 1;
			};
			name = Debug;
		};
		F4B5F85B202A0B6D008B7C72 /* Release */ = {
			isa = XCBuildConfiguration;
			baseConfigurationReference = C18298D9DF027F1235BBA55C /* Pods-Conifr.release.xcconfig */;
			buildSettings = {
				ASSETCATALOG_COMPILER_APPICON_NAME = AppIcon;
				"CODE_SIGN_IDENTITY[sdk=iphoneos*]" = "iPhone Developer";
				CODE_SIGN_STYLE = Automatic;
				DEVELOPMENT_TEAM = JXN9JNTRNB;
				INFOPLIST_FILE = "$(SRCROOT)/Conifr/Plist/Info.plist";
				IPHONEOS_DEPLOYMENT_TARGET = 11.2;
				LD_RUNPATH_SEARCH_PATHS = "$(inherited) @executable_path/Frameworks";
				PRODUCT_BUNDLE_IDENTIFIER = ucsc.conifr;
				PRODUCT_NAME = "$(TARGET_NAME)";
				PROVISIONING_PROFILE_SPECIFIER = "";
				SWIFT_VERSION = 4.0;
				TARGETED_DEVICE_FAMILY = 1;
			};
			name = Release;
		};
/* End XCBuildConfiguration section */

/* Begin XCConfigurationList section */
		F4B5F83F202A0B6D008B7C72 /* Build configuration list for PBXProject "Conifr" */ = {
			isa = XCConfigurationList;
			buildConfigurations = (
				F4B5F857202A0B6D008B7C72 /* Debug */,
				F4B5F858202A0B6D008B7C72 /* Release */,
			);
			defaultConfigurationIsVisible = 0;
			defaultConfigurationName = Release;
		};
		F4B5F859202A0B6D008B7C72 /* Build configuration list for PBXNativeTarget "Conifr" */ = {
			isa = XCConfigurationList;
			buildConfigurations = (
				F4B5F85A202A0B6D008B7C72 /* Debug */,
				F4B5F85B202A0B6D008B7C72 /* Release */,
			);
			defaultConfigurationIsVisible = 0;
			defaultConfigurationName = Release;
		};
/* End XCConfigurationList section */

/* Begin XCVersionGroup section */
		F4B5F84E202A0B6D008B7C72 /* Conifr.xcdatamodeld */ = {
			isa = XCVersionGroup;
			children = (
				F4B5F84F202A0B6D008B7C72 /* Conifr.xcdatamodel */,
			);
			currentVersion = F4B5F84F202A0B6D008B7C72 /* Conifr.xcdatamodel */;
			path = Conifr.xcdatamodeld;
			sourceTree = "<group>";
			versionGroupType = wrapper.xcdatamodel;
		};
/* End XCVersionGroup section */
	};
	rootObject = F4B5F83C202A0B6D008B7C72 /* Project object */;
}
